
Microsoft Visual Studio Solution File, Format Version 12.00
# Visual Studio Version 16
VisualStudioVersion = 16.0.30503.244
MinimumVisualStudioVersion = 10.0.40219.1
Project("{9A19103F-16F7-4668-BE54-9A1E7A4F7556}") = "Geonorge.TiltaksplanApi.Web", "Geonorge.TiltaksplanApi.Web\Geonorge.TiltaksplanApi.Web.csproj", "{0C70989D-814C-4394-BACB-B5B2960DF96F}"
EndProject
Project("{9A19103F-16F7-4668-BE54-9A1E7A4F7556}") = "Geonorge.TiltaksplanApi.Application", "Geonorge.TiltaksplanApi.Application\Geonorge.TiltaksplanApi.Application.csproj", "{1E43BFF8-CC15-4274-8A75-1F5B07AEE2FD}"
EndProject
Project("{FAE04EC0-301F-11D3-BF4B-00C04F79EFBC}") = "Geonorge.TiltaksplanApi.Domain", "Geonorge.TiltaksplanApi.Domain\Geonorge.TiltaksplanApi.Domain.csproj", "{43DFB607-4AB5-44D6-A807-288A25591D1A}"
EndProject
Project("{FAE04EC0-301F-11D3-BF4B-00C04F79EFBC}") = "Geonorge.TiltaksplanApi.Infrastructure", "Geonorge.TiltaksplanApi.Infrastructure\Geonorge.TiltaksplanApi.Infrastructure.csproj", "{93225858-8FD8-4C6A-AB1B-D1B95F8F2DEE}"
EndProject
Global
	GlobalSection(SolutionConfigurationPlatforms) = preSolution
		Debug|Any CPU = Debug|Any CPU
		Release|Any CPU = Release|Any CPU
	EndGlobalSection
	GlobalSection(ProjectConfigurationPlatforms) = postSolution
		{0C70989D-814C-4394-BACB-B5B2960DF96F}.Debug|Any CPU.ActiveCfg = Debug|Any CPU
		{0C70989D-814C-4394-BACB-B5B2960DF96F}.Debug|Any CPU.Build.0 = Debug|Any CPU
		{0C70989D-814C-4394-BACB-B5B2960DF96F}.Release|Any CPU.ActiveCfg = Release|Any CPU
		{0C70989D-814C-4394-BACB-B5B2960DF96F}.Release|Any CPU.Build.0 = Release|Any CPU
		{1E43BFF8-CC15-4274-8A75-1F5B07AEE2FD}.Debug|Any CPU.ActiveCfg = Debug|Any CPU
		{1E43BFF8-CC15-4274-8A75-1F5B07AEE2FD}.Debug|Any CPU.Build.0 = Debug|Any CPU
		{1E43BFF8-CC15-4274-8A75-1F5B07AEE2FD}.Release|Any CPU.ActiveCfg = Release|Any CPU
		{1E43BFF8-CC15-4274-8A75-1F5B07AEE2FD}.Release|Any CPU.Build.0 = Release|Any CPU
		{43DFB607-4AB5-44D6-A807-288A25591D1A}.Debug|Any CPU.ActiveCfg = Debug|Any CPU
		{43DFB607-4AB5-44D6-A807-288A25591D1A}.Debug|Any CPU.Build.0 = Debug|Any CPU
		{43DFB607-4AB5-44D6-A807-288A25591D1A}.Release|Any CPU.ActiveCfg = Release|Any CPU
		{43DFB607-4AB5-44D6-A807-288A25591D1A}.Release|Any CPU.Build.0 = Release|Any CPU
		{93225858-8FD8-4C6A-AB1B-D1B95F8F2DEE}.Debug|Any CPU.ActiveCfg = Debug|Any CPU
		{93225858-8FD8-4C6A-AB1B-D1B95F8F2DEE}.Debug|Any CPU.Build.0 = Debug|Any CPU
		{93225858-8FD8-4C6A-AB1B-D1B95F8F2DEE}.Release|Any CPU.ActiveCfg = Release|Any CPU
		{93225858-8FD8-4C6A-AB1B-D1B95F8F2DEE}.Release|Any CPU.Build.0 = Release|Any CPU
	EndGlobalSection
	GlobalSection(SolutionProperties) = preSolution
		HideSolutionNode = FALSE
	EndGlobalSection
	GlobalSection(ExtensibilityGlobals) = postSolution
		SolutionGuid = {DD99D238-C3E4-4B2D-98CD-4C1BC497DCD5}
	EndGlobalSection
EndGlobal
